// !$*UTF8*$!
{
	archiveVersion = 1;
	classes = {
	};
	objectVersion = 46;
	objects = {

/* Begin PBXBuildFile section */
		367CA85E1D71612100E6ABC3 /* ButtonGroupHelper.swift in Sources */ = {isa = PBXBuildFile; fileRef = 367CA85D1D71612100E6ABC3 /* ButtonGroupHelper.swift */; };
		36AD61001D52609900752599 /* SampleButtonRadioStyle.swift in Sources */ = {isa = PBXBuildFile; fileRef = 36AD60FF1D52609900752599 /* SampleButtonRadioStyle.swift */; };
		36B537C11D33409B0037CA02 /* AppDelegate.swift in Sources */ = {isa = PBXBuildFile; fileRef = 36B537C01D33409B0037CA02 /* AppDelegate.swift */; };
		36B537C31D33409B0037CA02 /* ViewController.swift in Sources */ = {isa = PBXBuildFile; fileRef = 36B537C21D33409B0037CA02 /* ViewController.swift */; };
		36B537C61D33409B0037CA02 /* Main.storyboard in Resources */ = {isa = PBXBuildFile; fileRef = 36B537C41D33409B0037CA02 /* Main.storyboard */; };
		36B537C81D33409B0037CA02 /* Assets.xcassets in Resources */ = {isa = PBXBuildFile; fileRef = 36B537C71D33409B0037CA02 /* Assets.xcassets */; };
		36B537CB1D33409B0037CA02 /* LaunchScreen.storyboard in Resources */ = {isa = PBXBuildFile; fileRef = 36B537C91D33409B0037CA02 /* LaunchScreen.storyboard */; };
		36B537DB1D3340CA0037CA02 /* ButtonStyleKit.h in Headers */ = {isa = PBXBuildFile; fileRef = 36B537D91D3340CA0037CA02 /* ButtonStyleKit.h */; settings = {ATTRIBUTES = (Public, ); }; };
		36B537DE1D3340CA0037CA02 /* ButtonStyleKit.framework in Frameworks */ = {isa = PBXBuildFile; fileRef = 36B537D71D3340C90037CA02 /* ButtonStyleKit.framework */; };
		36B537DF1D3340CA0037CA02 /* ButtonStyleKit.framework in Embed Frameworks */ = {isa = PBXBuildFile; fileRef = 36B537D71D3340C90037CA02 /* ButtonStyleKit.framework */; settings = {ATTRIBUTES = (CodeSignOnCopy, RemoveHeadersOnCopy, ); }; };
		36B537E51D3340F40037CA02 /* ButtonStyleKit.swift in Sources */ = {isa = PBXBuildFile; fileRef = 36B537E41D3340F40037CA02 /* ButtonStyleKit.swift */; };
		36B537E91D3344520037CA02 /* SampleButtonStandardStyle.swift in Sources */ = {isa = PBXBuildFile; fileRef = 36B537E71D3344520037CA02 /* SampleButtonStandardStyle.swift */; };
		36B8B8021D336316003A8172 /* SampleButtonCheckboxStyle.swift in Sources */ = {isa = PBXBuildFile; fileRef = 36B8B8011D336316003A8172 /* SampleButtonCheckboxStyle.swift */; };
		36B8B8041D3367EF003A8172 /* images.xcassets in Resources */ = {isa = PBXBuildFile; fileRef = 36B8B8031D3367EF003A8172 /* images.xcassets */; };
		36DAF3191D37CA530056A56F /* ButtonStyleBuilder.swift in Sources */ = {isa = PBXBuildFile; fileRef = 36DAF3181D37CA530056A56F /* ButtonStyleBuilder.swift */; };
		36E99BC71D46149A001968D8 /* ButtonStyleSelectableBase.swift in Sources */ = {isa = PBXBuildFile; fileRef = 36E99BC61D46149A001968D8 /* ButtonStyleSelectableBase.swift */; };
		36E99BC91D461526001968D8 /* ButtonStyleStandardBase.swift in Sources */ = {isa = PBXBuildFile; fileRef = 36E99BC81D461526001968D8 /* ButtonStyleStandardBase.swift */; };
/* End PBXBuildFile section */

/* Begin PBXContainerItemProxy section */
		36B537DC1D3340CA0037CA02 /* PBXContainerItemProxy */ = {
			isa = PBXContainerItemProxy;
			containerPortal = 36B537B51D33409B0037CA02 /* Project object */;
			proxyType = 1;
			remoteGlobalIDString = 36B537D61D3340C90037CA02;
			remoteInfo = ButtonStyleKit;
		};
/* End PBXContainerItemProxy section */

/* Begin PBXCopyFilesBuildPhase section */
		36B537E31D3340CA0037CA02 /* Embed Frameworks */ = {
			isa = PBXCopyFilesBuildPhase;
			buildActionMask = 2147483647;
			dstPath = "";
			dstSubfolderSpec = 10;
			files = (
				36B537DF1D3340CA0037CA02 /* ButtonStyleKit.framework in Embed Frameworks */,
			);
			name = "Embed Frameworks";
			runOnlyForDeploymentPostprocessing = 0;
		};
/* End PBXCopyFilesBuildPhase section */

/* Begin PBXFileReference section */
		367CA85D1D71612100E6ABC3 /* ButtonGroupHelper.swift */ = {isa = PBXFileReference; fileEncoding = 4; lastKnownFileType = sourcecode.swift; path = ButtonGroupHelper.swift; sourceTree = "<group>"; };
		36AD60FF1D52609900752599 /* SampleButtonRadioStyle.swift */ = {isa = PBXFileReference; fileEncoding = 4; lastKnownFileType = sourcecode.swift; path = SampleButtonRadioStyle.swift; sourceTree = "<group>"; };
		36B537BD1D33409B0037CA02 /* ButtonStyleKitSample.app */ = {isa = PBXFileReference; explicitFileType = wrapper.application; includeInIndex = 0; path = ButtonStyleKitSample.app; sourceTree = BUILT_PRODUCTS_DIR; };
		36B537C01D33409B0037CA02 /* AppDelegate.swift */ = {isa = PBXFileReference; lastKnownFileType = sourcecode.swift; path = AppDelegate.swift; sourceTree = "<group>"; };
		36B537C21D33409B0037CA02 /* ViewController.swift */ = {isa = PBXFileReference; lastKnownFileType = sourcecode.swift; path = ViewController.swift; sourceTree = "<group>"; };
		36B537C51D33409B0037CA02 /* Base */ = {isa = PBXFileReference; lastKnownFileType = file.storyboard; name = Base; path = Base.lproj/Main.storyboard; sourceTree = "<group>"; };
		36B537C71D33409B0037CA02 /* Assets.xcassets */ = {isa = PBXFileReference; lastKnownFileType = folder.assetcatalog; path = Assets.xcassets; sourceTree = "<group>"; };
		36B537CA1D33409B0037CA02 /* Base */ = {isa = PBXFileReference; lastKnownFileType = file.storyboard; name = Base; path = Base.lproj/LaunchScreen.storyboard; sourceTree = "<group>"; };
		36B537CC1D33409B0037CA02 /* Info.plist */ = {isa = PBXFileReference; lastKnownFileType = text.plist.xml; path = Info.plist; sourceTree = "<group>"; };
		36B537D71D3340C90037CA02 /* ButtonStyleKit.framework */ = {isa = PBXFileReference; explicitFileType = wrapper.framework; includeInIndex = 0; path = ButtonStyleKit.framework; sourceTree = BUILT_PRODUCTS_DIR; };
		36B537D91D3340CA0037CA02 /* ButtonStyleKit.h */ = {isa = PBXFileReference; lastKnownFileType = sourcecode.c.h; path = ButtonStyleKit.h; sourceTree = "<group>"; };
		36B537DA1D3340CA0037CA02 /* Info.plist */ = {isa = PBXFileReference; lastKnownFileType = text.plist.xml; path = Info.plist; sourceTree = "<group>"; };
		36B537E41D3340F40037CA02 /* ButtonStyleKit.swift */ = {isa = PBXFileReference; fileEncoding = 4; lastKnownFileType = sourcecode.swift; path = ButtonStyleKit.swift; sourceTree = "<group>"; };
		36B537E71D3344520037CA02 /* SampleButtonStandardStyle.swift */ = {isa = PBXFileReference; fileEncoding = 4; lastKnownFileType = sourcecode.swift; path = SampleButtonStandardStyle.swift; sourceTree = "<group>"; };
		36B8B8011D336316003A8172 /* SampleButtonCheckboxStyle.swift */ = {isa = PBXFileReference; fileEncoding = 4; lastKnownFileType = sourcecode.swift; path = SampleButtonCheckboxStyle.swift; sourceTree = "<group>"; };
		36B8B8031D3367EF003A8172 /* images.xcassets */ = {isa = PBXFileReference; lastKnownFileType = folder.assetcatalog; path = images.xcassets; sourceTree = "<group>"; };
		36DAF3181D37CA530056A56F /* ButtonStyleBuilder.swift */ = {isa = PBXFileReference; fileEncoding = 4; lastKnownFileType = sourcecode.swift; path = ButtonStyleBuilder.swift; sourceTree = "<group>"; };
		36E99BC61D46149A001968D8 /* ButtonStyleSelectableBase.swift */ = {isa = PBXFileReference; fileEncoding = 4; lastKnownFileType = sourcecode.swift; path = ButtonStyleSelectableBase.swift; sourceTree = "<group>"; };
		36E99BC81D461526001968D8 /* ButtonStyleStandardBase.swift */ = {isa = PBXFileReference; fileEncoding = 4; lastKnownFileType = sourcecode.swift; path = ButtonStyleStandardBase.swift; sourceTree = "<group>"; };
/* End PBXFileReference section */

/* Begin PBXFrameworksBuildPhase section */
		36B537BA1D33409B0037CA02 /* Frameworks */ = {
			isa = PBXFrameworksBuildPhase;
			buildActionMask = 2147483647;
			files = (
				36B537DE1D3340CA0037CA02 /* ButtonStyleKit.framework in Frameworks */,
			);
			runOnlyForDeploymentPostprocessing = 0;
		};
		36B537D31D3340C90037CA02 /* Frameworks */ = {
			isa = PBXFrameworksBuildPhase;
			buildActionMask = 2147483647;
			files = (
			);
			runOnlyForDeploymentPostprocessing = 0;
		};
/* End PBXFrameworksBuildPhase section */

/* Begin PBXGroup section */
		36B537B41D33409B0037CA02 = {
			isa = PBXGroup;
			children = (
				36B537BF1D33409B0037CA02 /* ButtonStyleKitSample */,
				36B537D81D3340CA0037CA02 /* ButtonStyleKit */,
				36B537BE1D33409B0037CA02 /* Products */,
			);
			sourceTree = "<group>";
		};
		36B537BE1D33409B0037CA02 /* Products */ = {
			isa = PBXGroup;
			children = (
				36B537BD1D33409B0037CA02 /* ButtonStyleKitSample.app */,
				36B537D71D3340C90037CA02 /* ButtonStyleKit.framework */,
			);
			name = Products;
			sourceTree = "<group>";
		};
		36B537BF1D33409B0037CA02 /* ButtonStyleKitSample */ = {
			isa = PBXGroup;
			children = (
				36B537E61D3344520037CA02 /* ButtonStyle */,
				36B537C01D33409B0037CA02 /* AppDelegate.swift */,
				36B537C21D33409B0037CA02 /* ViewController.swift */,
				36B537C41D33409B0037CA02 /* Main.storyboard */,
				36B537C71D33409B0037CA02 /* Assets.xcassets */,
				36B537C91D33409B0037CA02 /* LaunchScreen.storyboard */,
				36B537CC1D33409B0037CA02 /* Info.plist */,
			);
			path = ButtonStyleKitSample;
			sourceTree = "<group>";
		};
		36B537D81D3340CA0037CA02 /* ButtonStyleKit */ = {
			isa = PBXGroup;
			children = (
				36B537D91D3340CA0037CA02 /* ButtonStyleKit.h */,
				36B537DA1D3340CA0037CA02 /* Info.plist */,
				36B537E41D3340F40037CA02 /* ButtonStyleKit.swift */,
				36E99BC81D461526001968D8 /* ButtonStyleStandardBase.swift */,
				36E99BC61D46149A001968D8 /* ButtonStyleSelectableBase.swift */,
				36DAF3181D37CA530056A56F /* ButtonStyleBuilder.swift */,
			);
			path = ButtonStyleKit;
			sourceTree = "<group>";
		};
		36B537E61D3344520037CA02 /* ButtonStyle */ = {
			isa = PBXGroup;
			children = (
				367CA85D1D71612100E6ABC3 /* ButtonGroupHelper.swift */,
				36B537E71D3344520037CA02 /* SampleButtonStandardStyle.swift */,
				36B8B8011D336316003A8172 /* SampleButtonCheckboxStyle.swift */,
				36AD60FF1D52609900752599 /* SampleButtonRadioStyle.swift */,
				36B8B8031D3367EF003A8172 /* images.xcassets */,
			);
			path = ButtonStyle;
			sourceTree = "<group>";
		};
/* End PBXGroup section */

/* Begin PBXHeadersBuildPhase section */
		36B537D41D3340C90037CA02 /* Headers */ = {
			isa = PBXHeadersBuildPhase;
			buildActionMask = 2147483647;
			files = (
				36B537DB1D3340CA0037CA02 /* ButtonStyleKit.h in Headers */,
			);
			runOnlyForDeploymentPostprocessing = 0;
		};
/* End PBXHeadersBuildPhase section */

/* Begin PBXNativeTarget section */
		36B537BC1D33409B0037CA02 /* ButtonStyleKitSample */ = {
			isa = PBXNativeTarget;
			buildConfigurationList = 36B537CF1D33409B0037CA02 /* Build configuration list for PBXNativeTarget "ButtonStyleKitSample" */;
			buildPhases = (
				36B537B91D33409B0037CA02 /* Sources */,
				36B537BA1D33409B0037CA02 /* Frameworks */,
				36B537BB1D33409B0037CA02 /* Resources */,
				36B537E31D3340CA0037CA02 /* Embed Frameworks */,
			);
			buildRules = (
			);
			dependencies = (
				36B537DD1D3340CA0037CA02 /* PBXTargetDependency */,
			);
			name = ButtonStyleKitSample;
			productName = ButtonStyleKitSample;
			productReference = 36B537BD1D33409B0037CA02 /* ButtonStyleKitSample.app */;
			productType = "com.apple.product-type.application";
		};
		36B537D61D3340C90037CA02 /* ButtonStyleKit */ = {
			isa = PBXNativeTarget;
			buildConfigurationList = 36B537E01D3340CA0037CA02 /* Build configuration list for PBXNativeTarget "ButtonStyleKit" */;
			buildPhases = (
				36B537D21D3340C90037CA02 /* Sources */,
				36B537D31D3340C90037CA02 /* Frameworks */,
				36B537D41D3340C90037CA02 /* Headers */,
				36B537D51D3340C90037CA02 /* Resources */,
			);
			buildRules = (
			);
			dependencies = (
			);
			name = ButtonStyleKit;
			productName = ButtonStyleKit;
			productReference = 36B537D71D3340C90037CA02 /* ButtonStyleKit.framework */;
			productType = "com.apple.product-type.framework";
		};
/* End PBXNativeTarget section */

/* Begin PBXProject section */
		36B537B51D33409B0037CA02 /* Project object */ = {
			isa = PBXProject;
			attributes = {
				LastSwiftUpdateCheck = 0800;
				LastUpgradeCheck = 0900;
				ORGANIZATIONNAME = keygx;
				TargetAttributes = {
					36B537BC1D33409B0037CA02 = {
						CreatedOnToolsVersion = 8.0;
						DevelopmentTeam = 3CCNMX7TC9;
						DevelopmentTeamName = "Yukihiko Kagiyama";
						LastSwiftMigration = 0900;
						ProvisioningStyle = Automatic;
					};
					36B537D61D3340C90037CA02 = {
						CreatedOnToolsVersion = 8.0;
						DevelopmentTeam = 3CCNMX7TC9;
						DevelopmentTeamName = "Yukihiko Kagiyama";
						LastSwiftMigration = 0900;
						ProvisioningStyle = Automatic;
					};
				};
			};
			buildConfigurationList = 36B537B81D33409B0037CA02 /* Build configuration list for PBXProject "ButtonStyleKitSample" */;
			compatibilityVersion = "Xcode 3.2";
			developmentRegion = English;
			hasScannedForEncodings = 0;
			knownRegions = (
				en,
				Base,
			);
			mainGroup = 36B537B41D33409B0037CA02;
			productRefGroup = 36B537BE1D33409B0037CA02 /* Products */;
			projectDirPath = "";
			projectRoot = "";
			targets = (
				36B537BC1D33409B0037CA02 /* ButtonStyleKitSample */,
				36B537D61D3340C90037CA02 /* ButtonStyleKit */,
			);
		};
/* End PBXProject section */

/* Begin PBXResourcesBuildPhase section */
		36B537BB1D33409B0037CA02 /* Resources */ = {
			isa = PBXResourcesBuildPhase;
			buildActionMask = 2147483647;
			files = (
				36B537CB1D33409B0037CA02 /* LaunchScreen.storyboard in Resources */,
				36B8B8041D3367EF003A8172 /* images.xcassets in Resources */,
				36B537C81D33409B0037CA02 /* Assets.xcassets in Resources */,
				36B537C61D33409B0037CA02 /* Main.storyboard in Resources */,
			);
			runOnlyForDeploymentPostprocessing = 0;
		};
		36B537D51D3340C90037CA02 /* Resources */ = {
			isa = PBXResourcesBuildPhase;
			buildActionMask = 2147483647;
			files = (
			);
			runOnlyForDeploymentPostprocessing = 0;
		};
/* End PBXResourcesBuildPhase section */

/* Begin PBXSourcesBuildPhase section */
		36B537B91D33409B0037CA02 /* Sources */ = {
			isa = PBXSourcesBuildPhase;
			buildActionMask = 2147483647;
			files = (
				36B537E91D3344520037CA02 /* SampleButtonStandardStyle.swift in Sources */,
				367CA85E1D71612100E6ABC3 /* ButtonGroupHelper.swift in Sources */,
				36B537C31D33409B0037CA02 /* ViewController.swift in Sources */,
				36B8B8021D336316003A8172 /* SampleButtonCheckboxStyle.swift in Sources */,
				36B537C11D33409B0037CA02 /* AppDelegate.swift in Sources */,
				36AD61001D52609900752599 /* SampleButtonRadioStyle.swift in Sources */,
			);
			runOnlyForDeploymentPostprocessing = 0;
		};
		36B537D21D3340C90037CA02 /* Sources */ = {
			isa = PBXSourcesBuildPhase;
			buildActionMask = 2147483647;
			files = (
				36E99BC91D461526001968D8 /* ButtonStyleStandardBase.swift in Sources */,
				36B537E51D3340F40037CA02 /* ButtonStyleKit.swift in Sources */,
				36E99BC71D46149A001968D8 /* ButtonStyleSelectableBase.swift in Sources */,
				36DAF3191D37CA530056A56F /* ButtonStyleBuilder.swift in Sources */,
			);
			runOnlyForDeploymentPostprocessing = 0;
		};
/* End PBXSourcesBuildPhase section */

/* Begin PBXTargetDependency section */
		36B537DD1D3340CA0037CA02 /* PBXTargetDependency */ = {
			isa = PBXTargetDependency;
			target = 36B537D61D3340C90037CA02 /* ButtonStyleKit */;
			targetProxy = 36B537DC1D3340CA0037CA02 /* PBXContainerItemProxy */;
		};
/* End PBXTargetDependency section */

/* Begin PBXVariantGroup section */
		36B537C41D33409B0037CA02 /* Main.storyboard */ = {
			isa = PBXVariantGroup;
			children = (
				36B537C51D33409B0037CA02 /* Base */,
			);
			name = Main.storyboard;
			sourceTree = "<group>";
		};
		36B537C91D33409B0037CA02 /* LaunchScreen.storyboard */ = {
			isa = PBXVariantGroup;
			children = (
				36B537CA1D33409B0037CA02 /* Base */,
			);
			name = LaunchScreen.storyboard;
			sourceTree = "<group>";
		};
/* End PBXVariantGroup section */

/* Begin XCBuildConfiguration section */
		36B537CD1D33409B0037CA02 /* Debug */ = {
			isa = XCBuildConfiguration;
			buildSettings = {
				ALWAYS_SEARCH_USER_PATHS = NO;
				CLANG_ANALYZER_NONNULL = YES;
				CLANG_CXX_LANGUAGE_STANDARD = "gnu++0x";
				CLANG_CXX_LIBRARY = "libc++";
				CLANG_ENABLE_MODULES = YES;
				CLANG_ENABLE_OBJC_ARC = YES;
				CLANG_WARN_BLOCK_CAPTURE_AUTORELEASING = YES;
				CLANG_WARN_BOOL_CONVERSION = YES;
				CLANG_WARN_COMMA = YES;
				CLANG_WARN_CONSTANT_CONVERSION = YES;
				CLANG_WARN_DIRECT_OBJC_ISA_USAGE = YES_ERROR;
				CLANG_WARN_DOCUMENTATION_COMMENTS = YES;
				CLANG_WARN_EMPTY_BODY = YES;
				CLANG_WARN_ENUM_CONVERSION = YES;
				CLANG_WARN_INFINITE_RECURSION = YES;
				CLANG_WARN_INT_CONVERSION = YES;
				CLANG_WARN_NON_LITERAL_NULL_CONVERSION = YES;
				CLANG_WARN_OBJC_LITERAL_CONVERSION = YES;
				CLANG_WARN_OBJC_ROOT_CLASS = YES_ERROR;
				CLANG_WARN_RANGE_LOOP_ANALYSIS = YES;
				CLANG_WARN_STRICT_PROTOTYPES = YES;
				CLANG_WARN_SUSPICIOUS_MOVE = YES;
				CLANG_WARN_UNREACHABLE_CODE = YES;
				CLANG_WARN__DUPLICATE_METHOD_MATCH = YES;
				"CODE_SIGN_IDENTITY[sdk=iphoneos*]" = "iPhone Developer";
				COPY_PHASE_STRIP = NO;
				DEBUG_INFORMATION_FORMAT = dwarf;
				ENABLE_STRICT_OBJC_MSGSEND = YES;
				ENABLE_TESTABILITY = YES;
				GCC_C_LANGUAGE_STANDARD = gnu99;
				GCC_DYNAMIC_NO_PIC = NO;
				GCC_NO_COMMON_BLOCKS = YES;
				GCC_OPTIMIZATION_LEVEL = 0;
				GCC_PREPROCESSOR_DEFINITIONS = (
					"DEBUG=1",
					"$(inherited)",
				);
				GCC_WARN_64_TO_32_BIT_CONVERSION = YES;
				GCC_WARN_ABOUT_RETURN_TYPE = YES_ERROR;
				GCC_WARN_UNDECLARED_SELECTOR = YES;
				GCC_WARN_UNINITIALIZED_AUTOS = YES_AGGRESSIVE;
				GCC_WARN_UNUSED_FUNCTION = YES;
				GCC_WARN_UNUSED_VARIABLE = YES;
				IPHONEOS_DEPLOYMENT_TARGET = 8.0;
				MTL_ENABLE_DEBUG_INFO = YES;
				ONLY_ACTIVE_ARCH = YES;
				SDKROOT = iphoneos;
				SWIFT_ACTIVE_COMPILATION_CONDITIONS = DEBUG;
				SWIFT_OPTIMIZATION_LEVEL = "-Onone";
				TARGETED_DEVICE_FAMILY = "1,2";
			};
			name = Debug;
		};
		36B537CE1D33409B0037CA02 /* Release */ = {
			isa = XCBuildConfiguration;
			buildSettings = {
				ALWAYS_SEARCH_USER_PATHS = NO;
				CLANG_ANALYZER_NONNULL = YES;
				CLANG_CXX_LANGUAGE_STANDARD = "gnu++0x";
				CLANG_CXX_LIBRARY = "libc++";
				CLANG_ENABLE_MODULES = YES;
				CLANG_ENABLE_OBJC_ARC = YES;
				CLANG_WARN_BLOCK_CAPTURE_AUTORELEASING = YES;
				CLANG_WARN_BOOL_CONVERSION = YES;
				CLANG_WARN_COMMA = YES;
				CLANG_WARN_CONSTANT_CONVERSION = YES;
				CLANG_WARN_DIRECT_OBJC_ISA_USAGE = YES_ERROR;
				CLANG_WARN_DOCUMENTATION_COMMENTS = YES;
				CLANG_WARN_EMPTY_BODY = YES;
				CLANG_WARN_ENUM_CONVERSION = YES;
				CLANG_WARN_INFINITE_RECURSION = YES;
				CLANG_WARN_INT_CONVERSION = YES;
				CLANG_WARN_NON_LITERAL_NULL_CONVERSION = YES;
				CLANG_WARN_OBJC_LITERAL_CONVERSION = YES;
				CLANG_WARN_OBJC_ROOT_CLASS = YES_ERROR;
				CLANG_WARN_RANGE_LOOP_ANALYSIS = YES;
				CLANG_WARN_STRICT_PROTOTYPES = YES;
				CLANG_WARN_SUSPICIOUS_MOVE = YES;
				CLANG_WARN_UNREACHABLE_CODE = YES;
				CLANG_WARN__DUPLICATE_METHOD_MATCH = YES;
				"CODE_SIGN_IDENTITY[sdk=iphoneos*]" = "iPhone Developer";
				COPY_PHASE_STRIP = NO;
				DEBUG_INFORMATION_FORMAT = "dwarf-with-dsym";
				ENABLE_NS_ASSERTIONS = NO;
				ENABLE_STRICT_OBJC_MSGSEND = YES;
				GCC_C_LANGUAGE_STANDARD = gnu99;
				GCC_NO_COMMON_BLOCKS = YES;
				GCC_WARN_64_TO_32_BIT_CONVERSION = YES;
				GCC_WARN_ABOUT_RETURN_TYPE = YES_ERROR;
				GCC_WARN_UNDECLARED_SELECTOR = YES;
				GCC_WARN_UNINITIALIZED_AUTOS = YES_AGGRESSIVE;
				GCC_WARN_UNUSED_FUNCTION = YES;
				GCC_WARN_UNUSED_VARIABLE = YES;
				IPHONEOS_DEPLOYMENT_TARGET = 8.0;
				MTL_ENABLE_DEBUG_INFO = NO;
				SDKROOT = iphoneos;
				SWIFT_OPTIMIZATION_LEVEL = "-Owholemodule";
				TARGETED_DEVICE_FAMILY = "1,2";
				VALIDATE_PRODUCT = YES;
			};
			name = Release;
		};
		36B537D01D33409B0037CA02 /* Debug */ = {
			isa = XCBuildConfiguration;
			buildSettings = {
				ALWAYS_EMBED_SWIFT_STANDARD_LIBRARIES = YES;
				ASSETCATALOG_COMPILER_APPICON_NAME = AppIcon;
				INFOPLIST_FILE = ButtonStyleKitSample/Info.plist;
				LD_RUNPATH_SEARCH_PATHS = "$(inherited) @executable_path/Frameworks";
				PRODUCT_BUNDLE_IDENTIFIER = com.keygraphix.ios.ButtonStyleKitSample;
				PRODUCT_NAME = "$(TARGET_NAME)";
				SWIFT_SWIFT3_OBJC_INFERENCE = Default;
				SWIFT_VERSION = 4.0;
				TARGETED_DEVICE_FAMILY = "1,2";
			};
			name = Debug;
		};
		36B537D11D33409B0037CA02 /* Release */ = {
			isa = XCBuildConfiguration;
			buildSettings = {
				ALWAYS_EMBED_SWIFT_STANDARD_LIBRARIES = YES;
				ASSETCATALOG_COMPILER_APPICON_NAME = AppIcon;
				INFOPLIST_FILE = ButtonStyleKitSample/Info.plist;
				LD_RUNPATH_SEARCH_PATHS = "$(inherited) @executable_path/Frameworks";
				PRODUCT_BUNDLE_IDENTIFIER = com.keygraphix.ios.ButtonStyleKitSample;
				PRODUCT_NAME = "$(TARGET_NAME)";
				SWIFT_SWIFT3_OBJC_INFERENCE = Default;
				SWIFT_VERSION = 4.0;
				TARGETED_DEVICE_FAMILY = "1,2";
			};
			name = Release;
		};
		36B537E11D3340CA0037CA02 /* Debug */ = {
			isa = XCBuildConfiguration;
			buildSettings = {
				CLANG_ENABLE_MODULES = YES;
				"CODE_SIGN_IDENTITY[sdk=iphoneos*]" = "";
				CURRENT_PROJECT_VERSION = 1;
				DEFINES_MODULE = YES;
				DYLIB_COMPATIBILITY_VERSION = 1;
				DYLIB_CURRENT_VERSION = 1;
				DYLIB_INSTALL_NAME_BASE = "@rpath";
				INFOPLIST_FILE = ButtonStyleKit/Info.plist;
				INSTALL_PATH = "$(LOCAL_LIBRARY_DIR)/Frameworks";
				LD_RUNPATH_SEARCH_PATHS = "$(inherited) @executable_path/Frameworks @loader_path/Frameworks";
				PRODUCT_BUNDLE_IDENTIFIER = com.keygraphix.ios.ButtonStyleKit;
				PRODUCT_NAME = "$(TARGET_NAME)";
				SKIP_INSTALL = YES;
				SWIFT_OPTIMIZATION_LEVEL = "-Onone";
				SWIFT_SWIFT3_OBJC_INFERENCE = Default;
				SWIFT_VERSION = 4.0;
				VERSIONING_SYSTEM = "apple-generic";
				VERSION_INFO_PREFIX = "";
			};
			name = Debug;
		};
		36B537E21D3340CA0037CA02 /* Release */ = {
			isa = XCBuildConfiguration;
			buildSettings = {
				CLANG_ENABLE_MODULES = YES;
				"CODE_SIGN_IDENTITY[sdk=iphoneos*]" = "";
				CURRENT_PROJECT_VERSION = 1;
				DEFINES_MODULE = YES;
				DYLIB_COMPATIBILITY_VERSION = 1;
				DYLIB_CURRENT_VERSION = 1;
				DYLIB_INSTALL_NAME_BASE = "@rpath";
				INFOPLIST_FILE = ButtonStyleKit/Info.plist;
				INSTALL_PATH = "$(LOCAL_LIBRARY_DIR)/Frameworks";
				LD_RUNPATH_SEARCH_PATHS = "$(inherited) @executable_path/Frameworks @loader_path/Frameworks";
				PRODUCT_BUNDLE_IDENTIFIER = com.keygraphix.ios.ButtonStyleKit;
				PRODUCT_NAME = "$(TARGET_NAME)";
				SKIP_INSTALL = YES;
				SWIFT_SWIFT3_OBJC_INFERENCE = Default;
				SWIFT_VERSION = 4.0;
				VERSIONING_SYSTEM = "apple-generic";
				VERSION_INFO_PREFIX = "";
			};
			name = Release;
		};
/* End XCBuildConfiguration section */

/* Begin XCConfigurationList section */
		36B537B81D33409B0037CA02 /* Build configuration list for PBXProject "ButtonStyleKitSample" */ = {
			isa = XCConfigurationList;
			buildConfigurations = (
				36B537CD1D33409B0037CA02 /* Debug */,
				36B537CE1D33409B0037CA02 /* Release */,
			);
			defaultConfigurationIsVisible = 0;
			defaultConfigurationName = Release;
		};
		36B537CF1D33409B0037CA02 /* Build configuration list for PBXNativeTarget "ButtonStyleKitSample" */ = {
			isa = XCConfigurationList;
			buildConfigurations = (
				36B537D01D33409B0037CA02 /* Debug */,
				36B537D11D33409B0037CA02 /* Release */,
			);
			defaultConfigurationIsVisible = 0;
			defaultConfigurationName = Release;
		};
		36B537E01D3340CA0037CA02 /* Build configuration list for PBXNativeTarget "ButtonStyleKit" */ = {
			isa = XCConfigurationList;
			buildConfigurations = (
				36B537E11D3340CA0037CA02 /* Debug */,
				36B537E21D3340CA0037CA02 /* Release */,
			);
			defaultConfigurationIsVisible = 0;
			defaultConfigurationName = Release;
		};
/* End XCConfigurationList section */
	};
	rootObject = 36B537B51D33409B0037CA02 /* Project object */;
}
